
Microsoft Visual Studio Solution File, Format Version 12.00
# Visual Studio Version 16
VisualStudioVersion = 25.0.1706.9
MinimumVisualStudioVersion = 10.0.40219.1
Project("{FAE04EC0-301F-11D3-BF4B-00C04F79EFBC}") = "TestProjectGit", "TestProjectGit\TestProjectGit.csproj", "{BBD7E955-7344-45BF-9F36-D9AE75DD4EEE}"
EndProject
Global
	GlobalSection(SolutionConfigurationPlatforms) = preSolution
		Debug|Any CPU = Debug|Any CPU
		Release|Any CPU = Release|Any CPU
	EndGlobalSection
	GlobalSection(ProjectConfigurationPlatforms) = postSolution
		{BBD7E955-7344-45BF-9F36-D9AE75DD4EEE}.Debug|Any CPU.ActiveCfg = Debug|Any CPU
		{BBD7E955-7344-45BF-9F36-D9AE75DD4EEE}.Debug|Any CPU.Build.0 = Debug|Any CPU
		{BBD7E955-7344-45BF-9F36-D9AE75DD4EEE}.Release|Any CPU.ActiveCfg = Release|Any CPU
		{BBD7E955-7344-45BF-9F36-D9AE75DD4EEE}.Release|Any CPU.Build.0 = Release|Any CPU
	EndGlobalSection
	GlobalSection(SolutionProperties) = preSolution
		HideSolutionNode = FALSE
	EndGlobalSection
	GlobalSection(ExtensibilityGlobals) = postSolution
		SolutionGuid = {5D08CA24-4FEA-430F-AE8B-FC06CF3D7F07}
	EndGlobalSection
EndGlobal
